
Microsoft Visual Studio Solution File, Format Version 12.00
# Visual Studio Version 16
VisualStudioVersion = 16.0.30114.105
MinimumVisualStudioVersion = 10.0.40219.1
Project("{FAE04EC0-301F-11D3-BF4B-00C04F79EFBC}") = "contentapi", "contentapi\contentapi.csproj", "{762071EA-F0B2-4B21-81D3-B89CC7750F96}"
EndProject
Project("{FAE04EC0-301F-11D3-BF4B-00C04F79EFBC}") = "contentapi.test", "contentapi.test\contentapi.test.csproj", "{09193632-DC79-44F4-BED2-063CFF0961CD}"
EndProject
Global
	GlobalSection(SolutionConfigurationPlatforms) = preSolution
		Debug|Any CPU = Debug|Any CPU
		Release|Any CPU = Release|Any CPU
	EndGlobalSection
	GlobalSection(SolutionProperties) = preSolution
		HideSolutionNode = FALSE
	EndGlobalSection
	GlobalSection(ProjectConfigurationPlatforms) = postSolution
		{762071EA-F0B2-4B21-81D3-B89CC7750F96}.Debug|Any CPU.ActiveCfg = Debug|Any CPU
		{762071EA-F0B2-4B21-81D3-B89CC7750F96}.Debug|Any CPU.Build.0 = Debug|Any CPU
		{762071EA-F0B2-4B21-81D3-B89CC7750F96}.Release|Any CPU.ActiveCfg = Release|Any CPU
		{762071EA-F0B2-4B21-81D3-B89CC7750F96}.Release|Any CPU.Build.0 = Release|Any CPU
		{09193632-DC79-44F4-BED2-063CFF0961CD}.Debug|Any CPU.ActiveCfg = Debug|Any CPU
		{09193632-DC79-44F4-BED2-063CFF0961CD}.Debug|Any CPU.Build.0 = Debug|Any CPU
		{09193632-DC79-44F4-BED2-063CFF0961CD}.Release|Any CPU.ActiveCfg = Release|Any CPU
		{09193632-DC79-44F4-BED2-063CFF0961CD}.Release|Any CPU.Build.0 = Release|Any CPU
	EndGlobalSection
EndGlobal
